
Microsoft Visual Studio Solution File, Format Version 12.00
# Visual Studio Version 16
VisualStudioVersion = 16.0.30803.129
MinimumVisualStudioVersion = 10.0.40219.1
Project("{FAE04EC0-301F-11D3-BF4B-00C04F79EFBC}") = "ASP.NET Core Identity.BlazorAdmin", "ASP.NET Core Identity.BlazorAdmin\ASP.NET Core Identity.BlazorAdmin.csproj", "{1A7A31FA-B913-4CDD-96BD-18C078DE3A0B}"
EndProject
Global
	GlobalSection(SolutionConfigurationPlatforms) = preSolution
		Debug|Any CPU = Debug|Any CPU
		Release|Any CPU = Release|Any CPU
	EndGlobalSection
	GlobalSection(ProjectConfigurationPlatforms) = postSolution
		{1A7A31FA-B913-4CDD-96BD-18C078DE3A0B}.Debug|Any CPU.ActiveCfg = Debug|Any CPU
		{1A7A31FA-B913-4CDD-96BD-18C078DE3A0B}.Debug|Any CPU.Build.0 = Debug|Any CPU
		{1A7A31FA-B913-4CDD-96BD-18C078DE3A0B}.Release|Any CPU.ActiveCfg = Release|Any CPU
		{1A7A31FA-B913-4CDD-96BD-18C078DE3A0B}.Release|Any CPU.Build.0 = Release|Any CPU
	EndGlobalSection
	GlobalSection(SolutionProperties) = preSolution
		HideSolutionNode = FALSE
	EndGlobalSection
	GlobalSection(ExtensibilityGlobals) = postSolution
		SolutionGuid = {7C258AF2-2881-45A1-B429-8C809E40C10C}
	EndGlobalSection
EndGlobal
